
Microsoft Visual Studio Solution File, Format Version 12.00
# Visual Studio Version 17
VisualStudioVersion = 17.4.33205.214
MinimumVisualStudioVersion = 10.0.40219.1
Project("{9A19103F-16F7-4668-BE54-9A1E7A4F7556}") = "Project_Revin_InternetShop", "Project_Revin_InternetShop.csproj", "{C1544A22-5101-46EE-ADC0-466C2DCD4959}"
EndProject
Project("{9A19103F-16F7-4668-BE54-9A1E7A4F7556}") = "TestProject_Revin_InternetShop", "..\TestProject_Revin_InternetShop\TestProject_Revin_InternetShop.csproj", "{409D0181-17BB-4A21-B6C9-F0AA62FF7DF5}"
EndProject
Global
	GlobalSection(SolutionConfigurationPlatforms) = preSolution
		Debug|Any CPU = Debug|Any CPU
		Release|Any CPU = Release|Any CPU
	EndGlobalSection
	GlobalSection(ProjectConfigurationPlatforms) = postSolution
		{C1544A22-5101-46EE-ADC0-466C2DCD4959}.Debug|Any CPU.ActiveCfg = Debug|Any CPU
		{C1544A22-5101-46EE-ADC0-466C2DCD4959}.Debug|Any CPU.Build.0 = Debug|Any CPU
		{C1544A22-5101-46EE-ADC0-466C2DCD4959}.Release|Any CPU.ActiveCfg = Release|Any CPU
		{C1544A22-5101-46EE-ADC0-466C2DCD4959}.Release|Any CPU.Build.0 = Release|Any CPU
		{409D0181-17BB-4A21-B6C9-F0AA62FF7DF5}.Debug|Any CPU.ActiveCfg = Debug|Any CPU
		{409D0181-17BB-4A21-B6C9-F0AA62FF7DF5}.Debug|Any CPU.Build.0 = Debug|Any CPU
		{409D0181-17BB-4A21-B6C9-F0AA62FF7DF5}.Release|Any CPU.ActiveCfg = Release|Any CPU
		{409D0181-17BB-4A21-B6C9-F0AA62FF7DF5}.Release|Any CPU.Build.0 = Release|Any CPU
	EndGlobalSection
	GlobalSection(SolutionProperties) = preSolution
		HideSolutionNode = FALSE
	EndGlobalSection
	GlobalSection(ExtensibilityGlobals) = postSolution
		SolutionGuid = {C3B90225-45A9-4BFA-AA56-8AE7FEEECE20}
	EndGlobalSection
EndGlobal
